// !$*UTF8*$!
{
	archiveVersion = 1;
	classes = {
	};
	objectVersion = 46;
	objects = {

/* Begin PBXBuildFile section */
		42DED9801A93C2D600363085 /* AppDelegate.swift in Sources */ = {isa = PBXBuildFile; fileRef = 42DED97F1A93C2D600363085 /* AppDelegate.swift */; };
		42DED9821A93C2D600363085 /* ViewController.swift in Sources */ = {isa = PBXBuildFile; fileRef = 42DED9811A93C2D600363085 /* ViewController.swift */; };
		42DED9851A93C2D600363085 /* Main.storyboard in Resources */ = {isa = PBXBuildFile; fileRef = 42DED9831A93C2D600363085 /* Main.storyboard */; };
		42DED9871A93C2D600363085 /* Images.xcassets in Resources */ = {isa = PBXBuildFile; fileRef = 42DED9861A93C2D600363085 /* Images.xcassets */; };
		42DED98A1A93C2D600363085 /* LaunchScreen.xib in Resources */ = {isa = PBXBuildFile; fileRef = 42DED9881A93C2D600363085 /* LaunchScreen.xib */; };
		42DED9961A93C2D700363085 /* AutoLayoutScrollViewTests.swift in Sources */ = {isa = PBXBuildFile; fileRef = 42DED9951A93C2D700363085 /* AutoLayoutScrollViewTests.swift */; };
/* End PBXBuildFile section */

/* Begin PBXContainerItemProxy section */
		42DED9901A93C2D700363085 /* PBXContainerItemProxy */ = {
			isa = PBXContainerItemProxy;
			containerPortal = 42DED9721A93C2D600363085 /* Project object */;
			proxyType = 1;
			remoteGlobalIDString = 42DED9791A93C2D600363085;
			remoteInfo = AutoLayoutScrollView;
		};
/* End PBXContainerItemProxy section */

/* Begin PBXFileReference section */
		42DED97A1A93C2D600363085 /* AutoLayoutScrollView.app */ = {isa = PBXFileReference; explicitFileType = wrapper.application; includeInIndex = 0; path = AutoLayoutScrollView.app; sourceTree = BUILT_PRODUCTS_DIR; };
		42DED97E1A93C2D600363085 /* Info.plist */ = {isa = PBXFileReference; lastKnownFileType = text.plist.xml; path = Info.plist; sourceTree = "<group>"; };
		42DED97F1A93C2D600363085 /* AppDelegate.swift */ = {isa = PBXFileReference; lastKnownFileType = sourcecode.swift; path = AppDelegate.swift; sourceTree = "<group>"; };
		42DED9811A93C2D600363085 /* ViewController.swift */ = {isa = PBXFileReference; lastKnownFileType = sourcecode.swift; path = ViewController.swift; sourceTree = "<group>"; };
		42DED9841A93C2D600363085 /* Base */ = {isa = PBXFileReference; lastKnownFileType = file.storyboard; name = Base; path = Base.lproj/Main.storyboard; sourceTree = "<group>"; };
		42DED9861A93C2D600363085 /* Images.xcassets */ = {isa = PBXFileReference; lastKnownFileType = folder.assetcatalog; path = Images.xcassets; sourceTree = "<group>"; };
		42DED9891A93C2D600363085 /* Base */ = {isa = PBXFileReference; lastKnownFileType = file.xib; name = Base; path = Base.lproj/LaunchScreen.xib; sourceTree = "<group>"; };
		42DED98F1A93C2D700363085 /* AutoLayoutScrollViewTests.xctest */ = {isa = PBXFileReference; explicitFileType = wrapper.cfbundle; includeInIndex = 0; path = AutoLayoutScrollViewTests.xctest; sourceTree = BUILT_PRODUCTS_DIR; };
		42DED9941A93C2D700363085 /* Info.plist */ = {isa = PBXFileReference; lastKnownFileType = text.plist.xml; path = Info.plist; sourceTree = "<group>"; };
		42DED9951A93C2D700363085 /* AutoLayoutScrollViewTests.swift */ = {isa = PBXFileReference; lastKnownFileType = sourcecode.swift; path = AutoLayoutScrollViewTests.swift; sourceTree = "<group>"; };
/* End PBXFileReference section */

/* Begin PBXFrameworksBuildPhase section */
		42DED9771A93C2D600363085 /* Frameworks */ = {
			isa = PBXFrameworksBuildPhase;
			buildActionMask = 2147483647;
			files = (
			);
			runOnlyForDeploymentPostprocessing = 0;
		};
		42DED98C1A93C2D700363085 /* Frameworks */ = {
			isa = PBXFrameworksBuildPhase;
			buildActionMask = 2147483647;
			files = (
			);
			runOnlyForDeploymentPostprocessing = 0;
		};
/* End PBXFrameworksBuildPhase section */

/* Begin PBXGroup section */
		42DED9711A93C2D600363085 = {
			isa = PBXGroup;
			children = (
				42DED97C1A93C2D600363085 /* AutoLayoutScrollView */,
				42DED9921A93C2D700363085 /* AutoLayoutScrollViewTests */,
				42DED97B1A93C2D600363085 /* Products */,
			);
			sourceTree = "<group>";
		};
		42DED97B1A93C2D600363085 /* Products */ = {
			isa = PBXGroup;
			children = (
				42DED97A1A93C2D600363085 /* AutoLayoutScrollView.app */,
				42DED98F1A93C2D700363085 /* AutoLayoutScrollViewTests.xctest */,
			);
			name = Products;
			sourceTree = "<group>";
		};
		42DED97C1A93C2D600363085 /* AutoLayoutScrollView */ = {
			isa = PBXGroup;
			children = (
				42DED97F1A93C2D600363085 /* AppDelegate.swift */,
				42DED9811A93C2D600363085 /* ViewController.swift */,
				42DED9831A93C2D600363085 /* Main.storyboard */,
				42DED9861A93C2D600363085 /* Images.xcassets */,
				42DED9881A93C2D600363085 /* LaunchScreen.xib */,
				42DED97D1A93C2D600363085 /* Supporting Files */,
			);
			path = AutoLayoutScrollView;
			sourceTree = "<group>";
		};
		42DED97D1A93C2D600363085 /* Supporting Files */ = {
			isa = PBXGroup;
			children = (
				42DED97E1A93C2D600363085 /* Info.plist */,
			);
			name = "Supporting Files";
			sourceTree = "<group>";
		};
		42DED9921A93C2D700363085 /* AutoLayoutScrollViewTests */ = {
			isa = PBXGroup;
			children = (
				42DED9951A93C2D700363085 /* AutoLayoutScrollViewTests.swift */,
				42DED9931A93C2D700363085 /* Supporting Files */,
			);
			path = AutoLayoutScrollViewTests;
			sourceTree = "<group>";
		};
		42DED9931A93C2D700363085 /* Supporting Files */ = {
			isa = PBXGroup;
			children = (
				42DED9941A93C2D700363085 /* Info.plist */,
			);
			name = "Supporting Files";
			sourceTree = "<group>";
		};
/* End PBXGroup section */

/* Begin PBXNativeTarget section */
		42DED9791A93C2D600363085 /* AutoLayoutScrollView */ = {
			isa = PBXNativeTarget;
			buildConfigurationList = 42DED9991A93C2D700363085 /* Build configuration list for PBXNativeTarget "AutoLayoutScrollView" */;
			buildPhases = (
				42DED9761A93C2D600363085 /* Sources */,
				42DED9771A93C2D600363085 /* Frameworks */,
				42DED9781A93C2D600363085 /* Resources */,
			);
			buildRules = (
			);
			dependencies = (
			);
			name = AutoLayoutScrollView;
			productName = AutoLayoutScrollView;
			productReference = 42DED97A1A93C2D600363085 /* AutoLayoutScrollView.app */;
			productType = "com.apple.product-type.application";
		};
		42DED98E1A93C2D700363085 /* AutoLayoutScrollViewTests */ = {
			isa = PBXNativeTarget;
			buildConfigurationList = 42DED99C1A93C2D700363085 /* Build configuration list for PBXNativeTarget "AutoLayoutScrollViewTests" */;
			buildPhases = (
				42DED98B1A93C2D700363085 /* Sources */,
				42DED98C1A93C2D700363085 /* Frameworks */,
				42DED98D1A93C2D700363085 /* Resources */,
			);
			buildRules = (
			);
			dependencies = (
				42DED9911A93C2D700363085 /* PBXTargetDependency */,
			);
			name = AutoLayoutScrollViewTests;
			productName = AutoLayoutScrollViewTests;
			productReference = 42DED98F1A93C2D700363085 /* AutoLayoutScrollViewTests.xctest */;
			productType = "com.apple.product-type.bundle.unit-test";
		};
/* End PBXNativeTarget section */

/* Begin PBXProject section */
		42DED9721A93C2D600363085 /* Project object */ = {
			isa = PBXProject;
			attributes = {
				LastUpgradeCheck = 0630;
				ORGANIZATIONNAME = "Jeff Boek";
				TargetAttributes = {
					42DED9791A93C2D600363085 = {
						CreatedOnToolsVersion = 6.3;
					};
					42DED98E1A93C2D700363085 = {
						CreatedOnToolsVersion = 6.3;
						TestTargetID = 42DED9791A93C2D600363085;
					};
				};
			};
			buildConfigurationList = 42DED9751A93C2D600363085 /* Build configuration list for PBXProject "AutoLayoutScrollView" */;
			compatibilityVersion = "Xcode 3.2";
			developmentRegion = English;
			hasScannedForEncodings = 0;
			knownRegions = (
				en,
				Base,
			);
			mainGroup = 42DED9711A93C2D600363085;
			productRefGroup = 42DED97B1A93C2D600363085 /* Products */;
			projectDirPath = "";
			projectRoot = "";
			targets = (
				42DED9791A93C2D600363085 /* AutoLayoutScrollView */,
				42DED98E1A93C2D700363085 /* AutoLayoutScrollViewTests */,
			);
		};
/* End PBXProject section */

/* Begin PBXResourcesBuildPhase section */
		42DED9781A93C2D600363085 /* Resources */ = {
			isa = PBXResourcesBuildPhase;
			buildActionMask = 2147483647;
			files = (
				42DED9851A93C2D600363085 /* Main.storyboard in Resources */,
				42DED98A1A93C2D600363085 /* LaunchScreen.xib in Resources */,
				42DED9871A93C2D600363085 /* Images.xcassets in Resources */,
			);
			runOnlyForDeploymentPostprocessing = 0;
		};
		42DED98D1A93C2D700363085 /* Resources */ = {
			isa = PBXResourcesBuildPhase;
			buildActionMask = 2147483647;
			files = (
			);
			runOnlyForDeploymentPostprocessing = 0;
		};
/* End PBXResourcesBuildPhase section */

/* Begin PBXSourcesBuildPhase section */
		42DED9761A93C2D600363085 /* Sources */ = {
			isa = PBXSourcesBuildPhase;
			buildActionMask = 2147483647;
			files = (
				42DED9821A93C2D600363085 /* ViewController.swift in Sources */,
				42DED9801A93C2D600363085 /* AppDelegate.swift in Sources */,
			);
			runOnlyForDeploymentPostprocessing = 0;
		};
		42DED98B1A93C2D700363085 /* Sources */ = {
			isa = PBXSourcesBuildPhase;
			buildActionMask = 2147483647;
			files = (
				42DED9961A93C2D700363085 /* AutoLayoutScrollViewTests.swift in Sources */,
			);
			runOnlyForDeploymentPostprocessing = 0;
		};
/* End PBXSourcesBuildPhase section */

/* Begin PBXTargetDependency section */
		42DED9911A93C2D700363085 /* PBXTargetDependency */ = {
			isa = PBXTargetDependency;
			target = 42DED9791A93C2D600363085 /* AutoLayoutScrollView */;
			targetProxy = 42DED9901A93C2D700363085 /* PBXContainerItemProxy */;
		};
/* End PBXTargetDependency section */

/* Begin PBXVariantGroup section */
		42DED9831A93C2D600363085 /* Main.storyboard */ = {
			isa = PBXVariantGroup;
			children = (
				42DED9841A93C2D600363085 /* Base */,
			);
			name = Main.storyboard;
			sourceTree = "<group>";
		};
		42DED9881A93C2D600363085 /* LaunchScreen.xib */ = {
			isa = PBXVariantGroup;
			children = (
				42DED9891A93C2D600363085 /* Base */,
			);
			name = LaunchScreen.xib;
			sourceTree = "<group>";
		};
/* End PBXVariantGroup section */

/* Begin XCBuildConfiguration section */
		42DED9971A93C2D700363085 /* Debug */ = {
			isa = XCBuildConfiguration;
			buildSettings = {
				ALWAYS_SEARCH_USER_PATHS = NO;
				CLANG_CXX_LANGUAGE_STANDARD = "gnu++0x";
				CLANG_CXX_LIBRARY = "libc++";
				CLANG_ENABLE_MODULES = YES;
				CLANG_ENABLE_OBJC_ARC = YES;
				CLANG_WARN_BOOL_CONVERSION = YES;
				CLANG_WARN_CONSTANT_CONVERSION = YES;
				CLANG_WARN_DIRECT_OBJC_ISA_USAGE = YES_ERROR;
				CLANG_WARN_EMPTY_BODY = YES;
				CLANG_WARN_ENUM_CONVERSION = YES;
				CLANG_WARN_INT_CONVERSION = YES;
				CLANG_WARN_OBJC_ROOT_CLASS = YES_ERROR;
				CLANG_WARN_UNREACHABLE_CODE = YES;
				CLANG_WARN__DUPLICATE_METHOD_MATCH = YES;
				"CODE_SIGN_IDENTITY[sdk=iphoneos*]" = "iPhone Developer";
				COPY_PHASE_STRIP = NO;
				DEBUG_INFORMATION_FORMAT = dwarf;
				ENABLE_STRICT_OBJC_MSGSEND = YES;
				GCC_C_LANGUAGE_STANDARD = gnu99;
				GCC_DYNAMIC_NO_PIC = NO;
				GCC_OPTIMIZATION_LEVEL = 0;
				GCC_PREPROCESSOR_DEFINITIONS = (
					"DEBUG=1",
					"$(inherited)",
				);
				GCC_SYMBOLS_PRIVATE_EXTERN = NO;
				GCC_WARN_64_TO_32_BIT_CONVERSION = YES;
				GCC_WARN_ABOUT_RETURN_TYPE = YES_ERROR;
				GCC_WARN_UNDECLARED_SELECTOR = YES;
				GCC_WARN_UNINITIALIZED_AUTOS = YES_AGGRESSIVE;
				GCC_WARN_UNUSED_FUNCTION = YES;
				GCC_WARN_UNUSED_VARIABLE = YES;
				IPHONEOS_DEPLOYMENT_TARGET = 8.3;
				MTL_ENABLE_DEBUG_INFO = YES;
				ONLY_ACTIVE_ARCH = YES;
				SDKROOT = iphoneos;
				SWIFT_OPTIMIZATION_LEVEL = "-Onone";
			};
			name = Debug;
		};
		42DED9981A93C2D700363085 /* Release */ = {
			isa = XCBuildConfiguration;
			buildSettings = {
				ALWAYS_SEARCH_USER_PATHS = NO;
				CLANG_CXX_LANGUAGE_STANDARD = "gnu++0x";
				CLANG_CXX_LIBRARY = "libc++";
				CLANG_ENABLE_MODULES = YES;
				CLANG_ENABLE_OBJC_ARC = YES;
				CLANG_WARN_BOOL_CONVERSION = YES;
				CLANG_WARN_CONSTANT_CONVERSION = YES;
				CLANG_WARN_DIRECT_OBJC_ISA_USAGE = YES_ERROR;
				CLANG_WARN_EMPTY_BODY = YES;
				CLANG_WARN_ENUM_CONVERSION = YES;
				CLANG_WARN_INT_CONVERSION = YES;
				CLANG_WARN_OBJC_ROOT_CLASS = YES_ERROR;
				CLANG_WARN_UNREACHABLE_CODE = YES;
				CLANG_WARN__DUPLICATE_METHOD_MATCH = YES;
				"CODE_SIGN_IDENTITY[sdk=iphoneos*]" = "iPhone Developer";
				COPY_PHASE_STRIP = NO;
				DEBUG_INFORMATION_FORMAT = "dwarf-with-dsym";
				ENABLE_NS_ASSERTIONS = NO;
				ENABLE_STRICT_OBJC_MSGSEND = YES;
				GCC_C_LANGUAGE_STANDARD = gnu99;
				GCC_WARN_64_TO_32_BIT_CONVERSION = YES;
				GCC_WARN_ABOUT_RETURN_TYPE = YES_ERROR;
				GCC_WARN_UNDECLARED_SELECTOR = YES;
				GCC_WARN_UNINITIALIZED_AUTOS = YES_AGGRESSIVE;
				GCC_WARN_UNUSED_FUNCTION = YES;
				GCC_WARN_UNUSED_VARIABLE = YES;
				IPHONEOS_DEPLOYMENT_TARGET = 8.3;
				MTL_ENABLE_DEBUG_INFO = NO;
				SDKROOT = iphoneos;
				VALIDATE_PRODUCT = YES;
			};
			name = Release;
		};
		42DED99A1A93C2D700363085 /* Debug */ = {
			isa = XCBuildConfiguration;
			buildSettings = {
				ASSETCATALOG_COMPILER_APPICON_NAME = AppIcon;
				INFOPLIST_FILE = AutoLayoutScrollView/Info.plist;
				LD_RUNPATH_SEARCH_PATHS = "$(inherited) @executable_path/Frameworks";
				PRODUCT_NAME = "$(TARGET_NAME)";
			};
			name = Debug;
		};
		42DED99B1A93C2D700363085 /* Release */ = {
			isa = XCBuildConfiguration;
			buildSettings = {
				ASSETCATALOG_COMPILER_APPICON_NAME = AppIcon;
				INFOPLIST_FILE = AutoLayoutScrollView/Info.plist;
				LD_RUNPATH_SEARCH_PATHS = "$(inherited) @executable_path/Frameworks";
				PRODUCT_NAME = "$(TARGET_NAME)";
			};
			name = Release;
		};
		42DED99D1A93C2D700363085 /* Debug */ = {
			isa = XCBuildConfiguration;
			buildSettings = {
				BUNDLE_LOADER = "$(TEST_HOST)";
				FRAMEWORK_SEARCH_PATHS = (
					"$(SDKROOT)/Developer/Library/Frameworks",
					"$(inherited)",
				);
				GCC_PREPROCESSOR_DEFINITIONS = (
					"DEBUG=1",
					"$(inherited)",
				);
				INFOPLIST_FILE = AutoLayoutScrollViewTests/Info.plist;
				LD_RUNPATH_SEARCH_PATHS = "$(inherited) @executable_path/Frameworks @loader_path/Frameworks";
				PRODUCT_NAME = "$(TARGET_NAME)";
				TEST_HOST = "$(BUILT_PRODUCTS_DIR)/AutoLayoutScrollView.app/AutoLayoutScrollView";
			};
			name = Debug;
		};
		42DED99E1A93C2D700363085 /* Release */ = {
			isa = XCBuildConfiguration;
			buildSettings = {
				BUNDLE_LOADER = "$(TEST_HOST)";
				FRAMEWORK_SEARCH_PATHS = (
					"$(SDKROOT)/Developer/Library/Frameworks",
					"$(inherited)",
				);
				INFOPLIST_FILE = AutoLayoutScrollViewTests/Info.plist;
				LD_RUNPATH_SEARCH_PATHS = "$(inherited) @executable_path/Frameworks @loader_path/Frameworks";
				PRODUCT_NAME = "$(TARGET_NAME)";
				TEST_HOST = "$(BUILT_PRODUCTS_DIR)/AutoLayoutScrollView.app/AutoLayoutScrollView";
			};
			name = Release;
		};
/* End XCBuildConfiguration section */

/* Begin XCConfigurationList section */
		42DED9751A93C2D600363085 /* Build configuration list for PBXProject "AutoLayoutScrollView" */ = {
			isa = XCConfigurationList;
			buildConfigurations = (
				42DED9971A93C2D700363085 /* Debug */,
				42DED9981A93C2D700363085 /* Release */,
			);
			defaultConfigurationIsVisible = 0;
			defaultConfigurationName = Release;
		};
		42DED9991A93C2D700363085 /* Build configuration list for PBXNativeTarget "AutoLayoutScrollView" */ = {
			isa = XCConfigurationList;
			buildConfigurations = (
				42DED99A1A93C2D700363085 /* Debug */,
				42DED99B1A93C2D700363085 /* Release */,
			);
			defaultConfigurationIsVisible = 0;
		};
		42DED99C1A93C2D700363085 /* Build configuration list for PBXNativeTarget "AutoLayoutScrollViewTests" */ = {
			isa = XCConfigurationList;
			buildConfigurations = (
				42DED99D1A93C2D700363085 /* Debug */,
				42DED99E1A93C2D700363085 /* Release */,
			);
			defaultConfigurationIsVisible = 0;
		};
/* End XCConfigurationList section */
	};
	rootObject = 42DED9721A93C2D600363085 /* Project object */;
}
